
Microsoft Visual Studio Solution File, Format Version 12.00
# Blend for Visual Studio Version 16
VisualStudioVersion = 16.0.30320.27
MinimumVisualStudioVersion = 10.0.40219.1
Project("{FAE04EC0-301F-11D3-BF4B-00C04F79EFBC}") = "Client", "Client\Client.csproj", "{026B32CD-DF7E-4D5F-B432-60790B4C857D}"
EndProject
Global
	GlobalSection(SolutionConfigurationPlatforms) = preSolution
		Debug|Any CPU = Debug|Any CPU
		Release|Any CPU = Release|Any CPU
	EndGlobalSection
	GlobalSection(ProjectConfigurationPlatforms) = postSolution
		{026B32CD-DF7E-4D5F-B432-60790B4C857D}.Debug|Any CPU.ActiveCfg = Debug|Any CPU
		{026B32CD-DF7E-4D5F-B432-60790B4C857D}.Debug|Any CPU.Build.0 = Debug|Any CPU
		{026B32CD-DF7E-4D5F-B432-60790B4C857D}.Release|Any CPU.ActiveCfg = Release|Any CPU
		{026B32CD-DF7E-4D5F-B432-60790B4C857D}.Release|Any CPU.Build.0 = Release|Any CPU
	EndGlobalSection
	GlobalSection(SolutionProperties) = preSolution
		HideSolutionNode = FALSE
	EndGlobalSection
	GlobalSection(ExtensibilityGlobals) = postSolution
		SolutionGuid = {87608B02-144B-4913-8CD7-3B64EC353AA9}
	EndGlobalSection
EndGlobal
